PODS:
  - sequencing-app-chains-api-objc (1.1.1)
  - sequencing-file-selector-api-objc (1.3.1)
  - sequencing-master-plugin-api-objc (1.4.0):
    - sequencing-app-chains-api-objc (~> 1.1.1)
    - sequencing-file-selector-api-objc (~> 1.3.1)
    - sequencing-oauth-api-objc (~> 2.0.5)
  - sequencing-oauth-api-objc (2.0.5)

DEPENDENCIES:
  - sequencing-master-plugin-api-objc (~> 1.4.0)

SPEC CHECKSUMS:
  sequencing-app-chains-api-objc: cbf5ef5c0a3fad5886e18b25627ae8418de2f372
  sequencing-file-selector-api-objc: 2288d9a60bc3431ebaf6935da59fc923e04ee1dd
  sequencing-master-plugin-api-objc: 359a470c5525ae33eeba5fe3b27dfb852f890ae7
  sequencing-oauth-api-objc: 2e3b8fbe156e74f94a401dda0d2763e4b6977f21

PODFILE CHECKSUM: 06f45cef6c0d9e16a804020deeedae69fe1133c2

COCOAPODS: 1.1.1
